{
  "name": "cellx-decorators",
  "version": "1.4.11",
  "lockfileVersion": 1,
  "requires": true,
  "dependencies": {
    "@riim/is": {
      "version": "1.0.0",
      "resolved": "https://registry.npmjs.org/@riim/is/-/is-1.0.0.tgz",
      "integrity": "sha1-JhyDdFXRsgg1MIFX5jQhNmXTF6c="
    },
    "@riim/logger": {
      "version": "1.0.1",
      "resolved": "https://registry.npmjs.org/@riim/logger/-/logger-1.0.1.tgz",
      "integrity": "sha1-RfFHJbe6cZNf6rR6VSKGubhOSo4="
    },
    "@riim/map-set-polyfill": {
      "version": "1.0.1",
      "resolved": "https://registry.npmjs.org/@riim/map-set-polyfill/-/map-set-polyfill-1.0.1.tgz",
      "integrity": "sha1-018Tnb0TWnaylssNcttJEoANkG4=",
      "requires": {
        "@riim/symbol-polyfill": "1.0.1"
      }
    },
    "@riim/mixin": {
      "version": "1.0.0",
      "resolved": "https://registry.npmjs.org/@riim/mixin/-/mixin-1.0.0.tgz",
      "integrity": "sha1-eqOdiqH4NrlXV2MlV2tBJNF2XZU="
    },
    "@riim/next-tick": {
      "version": "1.0.1",
      "resolved": "https://registry.npmjs.org/@riim/next-tick/-/next-tick-1.0.1.tgz",
      "integrity": "sha1-g7kHttG54yMLBVPqb99p1b7eTp8=",
      "requires": {
        "@riim/logger": "1.0.1"
      }
    },
    "@riim/object-assign-polyfill": {
      "version": "1.0.0",
      "resolved": "https://registry.npmjs.org/@riim/object-assign-polyfill/-/object-assign-polyfill-1.0.0.tgz",
      "integrity": "sha1-1egHP9jlRrqHFFFvfc+qt111HQI="
    },
    "@riim/symbol-polyfill": {
      "version": "1.0.1",
      "resolved": "https://registry.npmjs.org/@riim/symbol-polyfill/-/symbol-polyfill-1.0.1.tgz",
      "integrity": "sha1-bb77TdfUiVYTVNfU7Rp1xci+sMQ="
    },
    "cellx": {
      "version": "1.7.89",
      "resolved": "https://registry.npmjs.org/cellx/-/cellx-1.7.89.tgz",
      "integrity": "sha512-JnNgu5Dxg5+e0099h08l/ma5V+ozuFZLyDWGMnmFWwe/w3zUTFFc3o1XccFjf+kg6VYQm6yzZahvntdwLhN9Bg==",
      "requires": {
        "@riim/is": "1.0.0",
        "@riim/logger": "1.0.1",
        "@riim/map-set-polyfill": "1.0.1",
        "@riim/mixin": "1.0.0",
        "@riim/next-tick": "1.0.1",
        "@riim/object-assign-polyfill": "1.0.0",
        "@riim/symbol-polyfill": "1.0.1"
      }
    },
    "typescript": {
      "version": "2.8.4",
      "resolved": "https://registry.npmjs.org/typescript/-/typescript-2.8.4.tgz",
      "integrity": "sha512-IIU5cN1mR5J3z9jjdESJbnxikTrEz3lzAw/D0Tf45jHpBp55nY31UkUvmVHoffCfKHTqJs3fCLPDxknQTTFegQ==",
      "dev": true
    }
  }
}
